
Microsoft Visual Studio Solution File, Format Version 12.00
# Visual Studio 15
VisualStudioVersion = 15.0.26228.4
MinimumVisualStudioVersion = 10.0.40219.1
Project("{FAE04EC0-301F-11D3-BF4B-00C04F79EFBC}") = "MIRDataManager", "MIRDataManager\MIRDataManager.csproj", "{1E0B9B14-8AD9-439E-8D0F-08E21E40E0C0}"
EndProject
Project("{FAE04EC0-301F-11D3-BF4B-00C04F79EFBC}") = "Common", "Common\Common.csproj", "{A32A9F03-5788-45C9-9645-E3C0E1861B62}"
EndProject
Project("{FAE04EC0-301F-11D3-BF4B-00C04F79EFBC}") = "MIREditor", "MIREditor\MIREditor.csproj", "{BC1EFA1D-1EC3-40E2-BCA3-935E019BC884}"
EndProject
Project("{FAE04EC0-301F-11D3-BF4B-00C04F79EFBC}") = "OsuMapAnalyzer", "OsuMapAnalyzer\OsuMapAnalyzer.csproj", "{CF2DD700-8D86-4F00-8BA9-BB7E0F1040B8}"
EndProject
Project("{FAE04EC0-301F-11D3-BF4B-00C04F79EFBC}") = "Visualizer", "Visualizer\Visualizer.csproj", "{C732487A-C393-4C91-94DE-BACE4A933E61}"
EndProject
Project("{FAE04EC0-301F-11D3-BF4B-00C04F79EFBC}") = "FastBeatTracker", "..\Fast_Beat_Tracker\FastBeatTracker\FastBeatTracker.csproj", "{755219D6-7974-4249-B100-860D44788DB0}"
EndProject
Global
	GlobalSection(SolutionConfigurationPlatforms) = preSolution
		Debug|Any CPU = Debug|Any CPU
		Release|Any CPU = Release|Any CPU
	EndGlobalSection
	GlobalSection(ProjectConfigurationPlatforms) = postSolution
		{1E0B9B14-8AD9-439E-8D0F-08E21E40E0C0}.Debug|Any CPU.ActiveCfg = Debug|Any CPU
		{1E0B9B14-8AD9-439E-8D0F-08E21E40E0C0}.Debug|Any CPU.Build.0 = Debug|Any CPU
		{1E0B9B14-8AD9-439E-8D0F-08E21E40E0C0}.Release|Any CPU.ActiveCfg = Release|Any CPU
		{1E0B9B14-8AD9-439E-8D0F-08E21E40E0C0}.Release|Any CPU.Build.0 = Release|Any CPU
		{A32A9F03-5788-45C9-9645-E3C0E1861B62}.Debug|Any CPU.ActiveCfg = Debug|Any CPU
		{A32A9F03-5788-45C9-9645-E3C0E1861B62}.Debug|Any CPU.Build.0 = Debug|Any CPU
		{A32A9F03-5788-45C9-9645-E3C0E1861B62}.Release|Any CPU.ActiveCfg = Release|Any CPU
		{A32A9F03-5788-45C9-9645-E3C0E1861B62}.Release|Any CPU.Build.0 = Release|Any CPU
		{BC1EFA1D-1EC3-40E2-BCA3-935E019BC884}.Debug|Any CPU.ActiveCfg = Debug|Any CPU
		{BC1EFA1D-1EC3-40E2-BCA3-935E019BC884}.Debug|Any CPU.Build.0 = Debug|Any CPU
		{BC1EFA1D-1EC3-40E2-BCA3-935E019BC884}.Release|Any CPU.ActiveCfg = Release|Any CPU
		{BC1EFA1D-1EC3-40E2-BCA3-935E019BC884}.Release|Any CPU.Build.0 = Release|Any CPU
		{CF2DD700-8D86-4F00-8BA9-BB7E0F1040B8}.Debug|Any CPU.ActiveCfg = Debug|Any CPU
		{CF2DD700-8D86-4F00-8BA9-BB7E0F1040B8}.Debug|Any CPU.Build.0 = Debug|Any CPU
		{CF2DD700-8D86-4F00-8BA9-BB7E0F1040B8}.Release|Any CPU.ActiveCfg = Release|Any CPU
		{CF2DD700-8D86-4F00-8BA9-BB7E0F1040B8}.Release|Any CPU.Build.0 = Release|Any CPU
		{C732487A-C393-4C91-94DE-BACE4A933E61}.Debug|Any CPU.ActiveCfg = Debug|Any CPU
		{C732487A-C393-4C91-94DE-BACE4A933E61}.Debug|Any CPU.Build.0 = Debug|Any CPU
		{C732487A-C393-4C91-94DE-BACE4A933E61}.Release|Any CPU.ActiveCfg = Release|Any CPU
		{C732487A-C393-4C91-94DE-BACE4A933E61}.Release|Any CPU.Build.0 = Release|Any CPU
		{755219D6-7974-4249-B100-860D44788DB0}.Debug|Any CPU.ActiveCfg = Debug|Any CPU
		{755219D6-7974-4249-B100-860D44788DB0}.Debug|Any CPU.Build.0 = Debug|Any CPU
		{755219D6-7974-4249-B100-860D44788DB0}.Release|Any CPU.ActiveCfg = Release|Any CPU
		{755219D6-7974-4249-B100-860D44788DB0}.Release|Any CPU.Build.0 = Release|Any CPU
	EndGlobalSection
	GlobalSection(SolutionProperties) = preSolution
		HideSolutionNode = FALSE
	EndGlobalSection
EndGlobal
